
Microsoft Visual Studio Solution File, Format Version 12.00
# Visual Studio Version 16
VisualStudioVersion = 16.0.35325.158
MinimumVisualStudioVersion = 10.0.40219.1
Project("{FAE04EC0-301F-11D3-BF4B-00C04F79EFBC}") = "GUI", "GUI\GUI.csproj", "{F90E34D8-ECD0-431F-8869-63FD44D9DA91}"
EndProject
Project("{FAE04EC0-301F-11D3-BF4B-00C04F79EFBC}") = "DAL", "DAL\DAL.csproj", "{D66F4475-7517-4C78-B9F1-764CCB87FDB0}"
EndProject
Project("{FAE04EC0-301F-11D3-BF4B-00C04F79EFBC}") = "BLL", "BLL\BLL.csproj", "{D8725221-CB57-48B4-884D-DFA076FE4E21}"
EndProject
Project("{FAE04EC0-301F-11D3-BF4B-00C04F79EFBC}") = "DTO", "DTO\DTO.csproj", "{DAED2E49-B075-4102-A7B4-37CA91806255}"
EndProject
Global
	GlobalSection(SolutionConfigurationPlatforms) = preSolution
		Debug|Any CPU = Debug|Any CPU
		Release|Any CPU = Release|Any CPU
	EndGlobalSection
	GlobalSection(ProjectConfigurationPlatforms) = postSolution
		{F90E34D8-ECD0-431F-8869-63FD44D9DA91}.Debug|Any CPU.ActiveCfg = Debug|Any CPU
		{F90E34D8-ECD0-431F-8869-63FD44D9DA91}.Debug|Any CPU.Build.0 = Debug|Any CPU
		{F90E34D8-ECD0-431F-8869-63FD44D9DA91}.Release|Any CPU.ActiveCfg = Release|Any CPU
		{F90E34D8-ECD0-431F-8869-63FD44D9DA91}.Release|Any CPU.Build.0 = Release|Any CPU
		{D66F4475-7517-4C78-B9F1-764CCB87FDB0}.Debug|Any CPU.ActiveCfg = Debug|Any CPU
		{D66F4475-7517-4C78-B9F1-764CCB87FDB0}.Debug|Any CPU.Build.0 = Debug|Any CPU
		{D66F4475-7517-4C78-B9F1-764CCB87FDB0}.Release|Any CPU.ActiveCfg = Release|Any CPU
		{D66F4475-7517-4C78-B9F1-764CCB87FDB0}.Release|Any CPU.Build.0 = Release|Any CPU
		{D8725221-CB57-48B4-884D-DFA076FE4E21}.Debug|Any CPU.ActiveCfg = Debug|Any CPU
		{D8725221-CB57-48B4-884D-DFA076FE4E21}.Debug|Any CPU.Build.0 = Debug|Any CPU
		{D8725221-CB57-48B4-884D-DFA076FE4E21}.Release|Any CPU.ActiveCfg = Release|Any CPU
		{D8725221-CB57-48B4-884D-DFA076FE4E21}.Release|Any CPU.Build.0 = Release|Any CPU
		{DAED2E49-B075-4102-A7B4-37CA91806255}.Debug|Any CPU.ActiveCfg = Debug|Any CPU
		{DAED2E49-B075-4102-A7B4-37CA91806255}.Debug|Any CPU.Build.0 = Debug|Any CPU
		{DAED2E49-B075-4102-A7B4-37CA91806255}.Release|Any CPU.ActiveCfg = Release|Any CPU
		{DAED2E49-B075-4102-A7B4-37CA91806255}.Release|Any CPU.Build.0 = Release|Any CPU
	EndGlobalSection
	GlobalSection(SolutionProperties) = preSolution
		HideSolutionNode = FALSE
	EndGlobalSection
	GlobalSection(ExtensibilityGlobals) = postSolution
		SolutionGuid = {68396DBA-5FD6-479B-9351-AB86180F81E3}
	EndGlobalSection
EndGlobal
